// !$*UTF8*$!
{
	archiveVersion = 1;
	classes = {
	};
	objectVersion = 50;
	objects = {

/* Begin PBXBuildFile section */
		6D739FDB2248CC2200A98649 /* AppDelegate.swift in Sources */ = {isa = PBXBuildFile; fileRef = 6D739FDA2248CC2200A98649 /* AppDelegate.swift */; };
		6D739FDD2248CC2200A98649 /* ViewController.swift in Sources */ = {isa = PBXBuildFile; fileRef = 6D739FDC2248CC2200A98649 /* ViewController.swift */; };
		6D739FE02248CC2200A98649 /* Main.storyboard in Resources */ = {isa = PBXBuildFile; fileRef = 6D739FDE2248CC2200A98649 /* Main.storyboard */; };
		6D739FE22248CC2400A98649 /* Assets.xcassets in Resources */ = {isa = PBXBuildFile; fileRef = 6D739FE12248CC2400A98649 /* Assets.xcassets */; };
		6D739FE52248CC2400A98649 /* LaunchScreen.storyboard in Resources */ = {isa = PBXBuildFile; fileRef = 6D739FE32248CC2400A98649 /* LaunchScreen.storyboard */; };
		6D739FED2248D53300A98649 /* ListDataBase.swift in Sources */ = {isa = PBXBuildFile; fileRef = 6D739FEC2248D53300A98649 /* ListDataBase.swift */; };
/* End PBXBuildFile section */

/* Begin PBXFileReference section */
		6D739FD72248CC2200A98649 /* IOS_exe_finalExe.app */ = {isa = PBXFileReference; explicitFileType = wrapper.application; includeInIndex = 0; path = IOS_exe_finalExe.app; sourceTree = BUILT_PRODUCTS_DIR; };
		6D739FDA2248CC2200A98649 /* AppDelegate.swift */ = {isa = PBXFileReference; lastKnownFileType = sourcecode.swift; path = AppDelegate.swift; sourceTree = "<group>"; };
		6D739FDC2248CC2200A98649 /* ViewController.swift */ = {isa = PBXFileReference; lastKnownFileType = sourcecode.swift; path = ViewController.swift; sourceTree = "<group>"; };
		6D739FDF2248CC2200A98649 /* Base */ = {isa = PBXFileReference; lastKnownFileType = file.storyboard; name = Base; path = Base.lproj/Main.storyboard; sourceTree = "<group>"; };
		6D739FE12248CC2400A98649 /* Assets.xcassets */ = {isa = PBXFileReference; lastKnownFileType = folder.assetcatalog; path = Assets.xcassets; sourceTree = "<group>"; };
		6D739FE42248CC2400A98649 /* Base */ = {isa = PBXFileReference; lastKnownFileType = file.storyboard; name = Base; path = Base.lproj/LaunchScreen.storyboard; sourceTree = "<group>"; };
		6D739FE62248CC2400A98649 /* Info.plist */ = {isa = PBXFileReference; lastKnownFileType = text.plist.xml; path = Info.plist; sourceTree = "<group>"; };
		6D739FEC2248D53300A98649 /* ListDataBase.swift */ = {isa = PBXFileReference; lastKnownFileType = sourcecode.swift; path = ListDataBase.swift; sourceTree = "<group>"; };
/* End PBXFileReference section */

/* Begin PBXFrameworksBuildPhase section */
		6D739FD42248CC2200A98649 /* Frameworks */ = {
			isa = PBXFrameworksBuildPhase;
			buildActionMask = 2147483647;
			files = (
			);
			runOnlyForDeploymentPostprocessing = 0;
		};
/* End PBXFrameworksBuildPhase section */

/* Begin PBXGroup section */
		6D739FCE2248CC2200A98649 = {
			isa = PBXGroup;
			children = (
				6D739FD92248CC2200A98649 /* IOS_exe_finalExe */,
				6D739FD82248CC2200A98649 /* Products */,
			);
			sourceTree = "<group>";
		};
		6D739FD82248CC2200A98649 /* Products */ = {
			isa = PBXGroup;
			children = (
				6D739FD72248CC2200A98649 /* IOS_exe_finalExe.app */,
			);
			name = Products;
			sourceTree = "<group>";
		};
		6D739FD92248CC2200A98649 /* IOS_exe_finalExe */ = {
			isa = PBXGroup;
			children = (
				6D739FDA2248CC2200A98649 /* AppDelegate.swift */,
				6D739FDC2248CC2200A98649 /* ViewController.swift */,
				6D739FEC2248D53300A98649 /* ListDataBase.swift */,
				6D739FDE2248CC2200A98649 /* Main.storyboard */,
				6D739FE12248CC2400A98649 /* Assets.xcassets */,
				6D739FE32248CC2400A98649 /* LaunchScreen.storyboard */,
				6D739FE62248CC2400A98649 /* Info.plist */,
			);
			path = IOS_exe_finalExe;
			sourceTree = "<group>";
		};
/* End PBXGroup section */

/* Begin PBXNativeTarget section */
		6D739FD62248CC2200A98649 /* IOS_exe_finalExe */ = {
			isa = PBXNativeTarget;
			buildConfigurationList = 6D739FE92248CC2400A98649 /* Build configuration list for PBXNativeTarget "IOS_exe_finalExe" */;
			buildPhases = (
				6D739FD32248CC2200A98649 /* Sources */,
				6D739FD42248CC2200A98649 /* Frameworks */,
				6D739FD52248CC2200A98649 /* Resources */,
			);
			buildRules = (
			);
			dependencies = (
			);
			name = IOS_exe_finalExe;
			productName = IOS_exe_finalExe;
			productReference = 6D739FD72248CC2200A98649 /* IOS_exe_finalExe.app */;
			productType = "com.apple.product-type.application";
		};
/* End PBXNativeTarget section */

/* Begin PBXProject section */
		6D739FCF2248CC2200A98649 /* Project object */ = {
			isa = PBXProject;
			attributes = {
				LastSwiftUpdateCheck = 1010;
				LastUpgradeCheck = 1010;
				ORGANIZATIONNAME = hackeru;
				TargetAttributes = {
					6D739FD62248CC2200A98649 = {
						CreatedOnToolsVersion = 10.1;
					};
				};
			};
			buildConfigurationList = 6D739FD22248CC2200A98649 /* Build configuration list for PBXProject "IOS_exe_finalExe" */;
			compatibilityVersion = "Xcode 9.3";
			developmentRegion = en;
			hasScannedForEncodings = 0;
			knownRegions = (
				en,
				Base,
			);
			mainGroup = 6D739FCE2248CC2200A98649;
			productRefGroup = 6D739FD82248CC2200A98649 /* Products */;
			projectDirPath = "";
			projectRoot = "";
			targets = (
				6D739FD62248CC2200A98649 /* IOS_exe_finalExe */,
			);
		};
/* End PBXProject section */

/* Begin PBXResourcesBuildPhase section */
		6D739FD52248CC2200A98649 /* Resources */ = {
			isa = PBXResourcesBuildPhase;
			buildActionMask = 2147483647;
			files = (
				6D739FE52248CC2400A98649 /* LaunchScreen.storyboard in Resources */,
				6D739FE22248CC2400A98649 /* Assets.xcassets in Resources */,
				6D739FE02248CC2200A98649 /* Main.storyboard in Resources */,
			);
			runOnlyForDeploymentPostprocessing = 0;
		};
/* End PBXResourcesBuildPhase section */

/* Begin PBXSourcesBuildPhase section */
		6D739FD32248CC2200A98649 /* Sources */ = {
			isa = PBXSourcesBuildPhase;
			buildActionMask = 2147483647;
			files = (
				6D739FDD2248CC2200A98649 /* ViewController.swift in Sources */,
				6D739FED2248D53300A98649 /* ListDataBase.swift in Sources */,
				6D739FDB2248CC2200A98649 /* AppDelegate.swift in Sources */,
			);
			runOnlyForDeploymentPostprocessing = 0;
		};
/* End PBXSourcesBuildPhase section */

/* Begin PBXVariantGroup section */
		6D739FDE2248CC2200A98649 /* Main.storyboard */ = {
			isa = PBXVariantGroup;
			children = (
				6D739FDF2248CC2200A98649 /* Base */,
			);
			name = Main.storyboard;
			sourceTree = "<group>";
		};
		6D739FE32248CC2400A98649 /* LaunchScreen.storyboard */ = {
			isa = PBXVariantGroup;
			children = (
				6D739FE42248CC2400A98649 /* Base */,
			);
			name = LaunchScreen.storyboard;
			sourceTree = "<group>";
		};
/* End PBXVariantGroup section */

/* Begin XCBuildConfiguration section */
		6D739FE72248CC2400A98649 /* Debug */ = {
			isa = XCBuildConfiguration;
			buildSettings = {
				ALWAYS_SEARCH_USER_PATHS = NO;
				CLANG_ANALYZER_NONNULL = YES;
				CLANG_ANALYZER_NUMBER_OBJECT_CONVERSION = YES_AGGRESSIVE;
				CLANG_CXX_LANGUAGE_STANDARD = "gnu++14";
				CLANG_CXX_LIBRARY = "libc++";
				CLANG_ENABLE_MODULES = YES;
				CLANG_ENABLE_OBJC_ARC = YES;
				CLANG_ENABLE_OBJC_WEAK = YES;
				CLANG_WARN_BLOCK_CAPTURE_AUTORELEASING = YES;
				CLANG_WARN_BOOL_CONVERSION = YES;
				CLANG_WARN_COMMA = YES;
				CLANG_WARN_CONSTANT_CONVERSION = YES;
				CLANG_WARN_DEPRECATED_OBJC_IMPLEMENTATIONS = YES;
				CLANG_WARN_DIRECT_OBJC_ISA_USAGE = YES_ERROR;
				CLANG_WARN_DOCUMENTATION_COMMENTS = YES;
				CLANG_WARN_EMPTY_BODY = YES;
				CLANG_WARN_ENUM_CONVERSION = YES;
				CLANG_WARN_INFINITE_RECURSION = YES;
				CLANG_WARN_INT_CONVERSION = YES;
				CLANG_WARN_NON_LITERAL_NULL_CONVERSION = YES;
				CLANG_WARN_OBJC_IMPLICIT_RETAIN_SELF = YES;
				CLANG_WARN_OBJC_LITERAL_CONVERSION = YES;
				CLANG_WARN_OBJC_ROOT_CLASS = YES_ERROR;
				CLANG_WARN_RANGE_LOOP_ANALYSIS = YES;
				CLANG_WARN_STRICT_PROTOTYPES = YES;
				CLANG_WARN_SUSPICIOUS_MOVE = YES;
				CLANG_WARN_UNGUARDED_AVAILABILITY = YES_AGGRESSIVE;
				CLANG_WARN_UNREACHABLE_CODE = YES;
				CLANG_WARN__DUPLICATE_METHOD_MATCH = YES;
				CODE_SIGN_IDENTITY = "iPhone Developer";
				COPY_PHASE_STRIP = NO;
				DEBUG_INFORMATION_FORMAT = dwarf;
				ENABLE_STRICT_OBJC_MSGSEND = YES;
				ENABLE_TESTABILITY = YES;
				GCC_C_LANGUAGE_STANDARD = gnu11;
				GCC_DYNAMIC_NO_PIC = NO;
				GCC_NO_COMMON_BLOCKS = YES;
				GCC_OPTIMIZATION_LEVEL = 0;
				GCC_PREPROCESSOR_DEFINITIONS = (
					"DEBUG=1",
					"$(inherited)",
				);
				GCC_WARN_64_TO_32_BIT_CONVERSION = YES;
				GCC_WARN_ABOUT_RETURN_TYPE = YES_ERROR;
				GCC_WARN_UNDECLARED_SELECTOR = YES;
				GCC_WARN_UNINITIALIZED_AUTOS = YES_AGGRESSIVE;
				GCC_WARN_UNUSED_FUNCTION = YES;
				GCC_WARN_UNUSED_VARIABLE = YES;
				IPHONEOS_DEPLOYMENT_TARGET = 12.1;
				MTL_ENABLE_DEBUG_INFO = INCLUDE_SOURCE;
				MTL_FAST_MATH = YES;
				ONLY_ACTIVE_ARCH = YES;
				SDKROOT = iphoneos;
				SWIFT_ACTIVE_COMPILATION_CONDITIONS = DEBUG;
				SWIFT_OPTIMIZATION_LEVEL = "-Onone";
			};
			name = Debug;
		};
		6D739FE82248CC2400A98649 /* Release */ = {
			isa = XCBuildConfiguration;
			buildSettings = {
				ALWAYS_SEARCH_USER_PATHS = NO;
				CLANG_ANALYZER_NONNULL = YES;
				CLANG_ANALYZER_NUMBER_OBJECT_CONVERSION = YES_AGGRESSIVE;
				CLANG_CXX_LANGUAGE_STANDARD = "gnu++14";
				CLANG_CXX_LIBRARY = "libc++";
				CLANG_ENABLE_MODULES = YES;
				CLANG_ENABLE_OBJC_ARC = YES;
				CLANG_ENABLE_OBJC_WEAK = YES;
				CLANG_WARN_BLOCK_CAPTURE_AUTORELEASING = YES;
				CLANG_WARN_BOOL_CONVERSION = YES;
				CLANG_WARN_COMMA = YES;
				CLANG_WARN_CONSTANT_CONVERSION = YES;
				CLANG_WARN_DEPRECATED_OBJC_IMPLEMENTATIONS = YES;
				CLANG_WARN_DIRECT_OBJC_ISA_USAGE = YES_ERROR;
				CLANG_WARN_DOCUMENTATION_COMMENTS = YES;
				CLANG_WARN_EMPTY_BODY = YES;
				CLANG_WARN_ENUM_CONVERSION = YES;
				CLANG_WARN_INFINITE_RECURSION = YES;
				CLANG_WARN_INT_CONVERSION = YES;
				CLANG_WARN_NON_LITERAL_NULL_CONVERSION = YES;
				CLANG_WARN_OBJC_IMPLICIT_RETAIN_SELF = YES;
				CLANG_WARN_OBJC_LITERAL_CONVERSION = YES;
				CLANG_WARN_OBJC_ROOT_CLASS = YES_ERROR;
				CLANG_WARN_RANGE_LOOP_ANALYSIS = YES;
				CLANG_WARN_STRICT_PROTOTYPES = YES;
				CLANG_WARN_SUSPICIOUS_MOVE = YES;
				CLANG_WARN_UNGUARDED_AVAILABILITY = YES_AGGRESSIVE;
				CLANG_WARN_UNREACHABLE_CODE = YES;
				CLANG_WARN__DUPLICATE_METHOD_MATCH = YES;
				CODE_SIGN_IDENTITY = "iPhone Developer";
				COPY_PHASE_STRIP = NO;
				DEBUG_INFORMATION_FORMAT = "dwarf-with-dsym";
				ENABLE_NS_ASSERTIONS = NO;
				ENABLE_STRICT_OBJC_MSGSEND = YES;
				GCC_C_LANGUAGE_STANDARD = gnu11;
				GCC_NO_COMMON_BLOCKS = YES;
				GCC_WARN_64_TO_32_BIT_CONVERSION = YES;
				GCC_WARN_ABOUT_RETURN_TYPE = YES_ERROR;
				GCC_WARN_UNDECLARED_SELECTOR = YES;
				GCC_WARN_UNINITIALIZED_AUTOS = YES_AGGRESSIVE;
				GCC_WARN_UNUSED_FUNCTION = YES;
				GCC_WARN_UNUSED_VARIABLE = YES;
				IPHONEOS_DEPLOYMENT_TARGET = 12.1;
				MTL_ENABLE_DEBUG_INFO = NO;
				MTL_FAST_MATH = YES;
				SDKROOT = iphoneos;
				SWIFT_COMPILATION_MODE = wholemodule;
				SWIFT_OPTIMIZATION_LEVEL = "-O";
				VALIDATE_PRODUCT = YES;
			};
			name = Release;
		};
		6D739FEA2248CC2400A98649 /* Debug */ = {
			isa = XCBuildConfiguration;
			buildSettings = {
				ASSETCATALOG_COMPILER_APPICON_NAME = AppIcon;
				CODE_SIGN_STYLE = Automatic;
				INFOPLIST_FILE = IOS_exe_finalExe/Info.plist;
				LD_RUNPATH_SEARCH_PATHS = (
					"$(inherited)",
					"@executable_path/Frameworks",
				);
				PRODUCT_BUNDLE_IDENTIFIER = "com.hackeru.IOS-exe-finalExe";
				PRODUCT_NAME = "$(TARGET_NAME)";
				SWIFT_VERSION = 4.2;
				TARGETED_DEVICE_FAMILY = "1,2";
			};
			name = Debug;
		};
		6D739FEB2248CC2400A98649 /* Release */ = {
			isa = XCBuildConfiguration;
			buildSettings = {
				ASSETCATALOG_COMPILER_APPICON_NAME = AppIcon;
				CODE_SIGN_STYLE = Automatic;
				INFOPLIST_FILE = IOS_exe_finalExe/Info.plist;
				LD_RUNPATH_SEARCH_PATHS = (
					"$(inherited)",
					"@executable_path/Frameworks",
				);
				PRODUCT_BUNDLE_IDENTIFIER = "com.hackeru.IOS-exe-finalExe";
				PRODUCT_NAME = "$(TARGET_NAME)";
				SWIFT_VERSION = 4.2;
				TARGETED_DEVICE_FAMILY = "1,2";
			};
			name = Release;
		};
/* End XCBuildConfiguration section */

/* Begin XCConfigurationList section */
		6D739FD22248CC2200A98649 /* Build configuration list for PBXProject "IOS_exe_finalExe" */ = {
			isa = XCConfigurationList;
			buildConfigurations = (
				6D739FE72248CC2400A98649 /* Debug */,
				6D739FE82248CC2400A98649 /* Release */,
			);
			defaultConfigurationIsVisible = 0;
			defaultConfigurationName = Release;
		};
		6D739FE92248CC2400A98649 /* Build configuration list for PBXNativeTarget "IOS_exe_finalExe" */ = {
			isa = XCConfigurationList;
			buildConfigurations = (
				6D739FEA2248CC2400A98649 /* Debug */,
				6D739FEB2248CC2400A98649 /* Release */,
			);
			defaultConfigurationIsVisible = 0;
			defaultConfigurationName = Release;
		};
/* End XCConfigurationList section */
	};
	rootObject = 6D739FCF2248CC2200A98649 /* Project object */;
}
