// !$*UTF8*$!
{
	archiveVersion = 1;
	classes = {
	};
	objectVersion = 48;
	objects = {

/* Begin PBXBuildFile section */
		6D8413B3220C129B0072769D /* AppDelegate.swift in Sources */ = {isa = PBXBuildFile; fileRef = 6D8413B2220C129B0072769D /* AppDelegate.swift */; };
		6D8413B5220C129B0072769D /* ViewController.swift in Sources */ = {isa = PBXBuildFile; fileRef = 6D8413B4220C129B0072769D /* ViewController.swift */; };
		6D8413B8220C129B0072769D /* Main.storyboard in Resources */ = {isa = PBXBuildFile; fileRef = 6D8413B6220C129B0072769D /* Main.storyboard */; };
		6D8413BA220C129B0072769D /* Assets.xcassets in Resources */ = {isa = PBXBuildFile; fileRef = 6D8413B9220C129B0072769D /* Assets.xcassets */; };
		6D8413BD220C129B0072769D /* LaunchScreen.storyboard in Resources */ = {isa = PBXBuildFile; fileRef = 6D8413BB220C129B0072769D /* LaunchScreen.storyboard */; };
		6D8413C5220C12C20072769D /* SecondViewController.swift in Sources */ = {isa = PBXBuildFile; fileRef = 6D8413C4220C12C20072769D /* SecondViewController.swift */; };
		6D8413C7220C2EAD0072769D /* ThirdViewController.swift in Sources */ = {isa = PBXBuildFile; fileRef = 6D8413C6220C2EAD0072769D /* ThirdViewController.swift */; };
/* End PBXBuildFile section */

/* Begin PBXFileReference section */
		6D8413AF220C129B0072769D /* IOS_ViewControllers.app */ = {isa = PBXFileReference; explicitFileType = wrapper.application; includeInIndex = 0; path = IOS_ViewControllers.app; sourceTree = BUILT_PRODUCTS_DIR; };
		6D8413B2220C129B0072769D /* AppDelegate.swift */ = {isa = PBXFileReference; lastKnownFileType = sourcecode.swift; path = AppDelegate.swift; sourceTree = "<group>"; };
		6D8413B4220C129B0072769D /* ViewController.swift */ = {isa = PBXFileReference; lastKnownFileType = sourcecode.swift; path = ViewController.swift; sourceTree = "<group>"; };
		6D8413B7220C129B0072769D /* Base */ = {isa = PBXFileReference; lastKnownFileType = file.storyboard; name = Base; path = Base.lproj/Main.storyboard; sourceTree = "<group>"; };
		6D8413B9220C129B0072769D /* Assets.xcassets */ = {isa = PBXFileReference; lastKnownFileType = folder.assetcatalog; path = Assets.xcassets; sourceTree = "<group>"; };
		6D8413BC220C129B0072769D /* Base */ = {isa = PBXFileReference; lastKnownFileType = file.storyboard; name = Base; path = Base.lproj/LaunchScreen.storyboard; sourceTree = "<group>"; };
		6D8413BE220C129B0072769D /* Info.plist */ = {isa = PBXFileReference; lastKnownFileType = text.plist.xml; path = Info.plist; sourceTree = "<group>"; };
		6D8413C4220C12C20072769D /* SecondViewController.swift */ = {isa = PBXFileReference; lastKnownFileType = sourcecode.swift; path = SecondViewController.swift; sourceTree = "<group>"; };
		6D8413C6220C2EAD0072769D /* ThirdViewController.swift */ = {isa = PBXFileReference; lastKnownFileType = sourcecode.swift; path = ThirdViewController.swift; sourceTree = "<group>"; };
/* End PBXFileReference section */

/* Begin PBXFrameworksBuildPhase section */
		6D8413AC220C129B0072769D /* Frameworks */ = {
			isa = PBXFrameworksBuildPhase;
			buildActionMask = 2147483647;
			files = (
			);
			runOnlyForDeploymentPostprocessing = 0;
		};
/* End PBXFrameworksBuildPhase section */

/* Begin PBXGroup section */
		6D8413A6220C129B0072769D = {
			isa = PBXGroup;
			children = (
				6D8413B1220C129B0072769D /* IOS_ViewControllers */,
				6D8413B0220C129B0072769D /* Products */,
			);
			sourceTree = "<group>";
		};
		6D8413B0220C129B0072769D /* Products */ = {
			isa = PBXGroup;
			children = (
				6D8413AF220C129B0072769D /* IOS_ViewControllers.app */,
			);
			name = Products;
			sourceTree = "<group>";
		};
		6D8413B1220C129B0072769D /* IOS_ViewControllers */ = {
			isa = PBXGroup;
			children = (
				6D8413B2220C129B0072769D /* AppDelegate.swift */,
				6D8413B4220C129B0072769D /* ViewController.swift */,
				6D8413C4220C12C20072769D /* SecondViewController.swift */,
				6D8413C6220C2EAD0072769D /* ThirdViewController.swift */,
				6D8413B6220C129B0072769D /* Main.storyboard */,
				6D8413B9220C129B0072769D /* Assets.xcassets */,
				6D8413BB220C129B0072769D /* LaunchScreen.storyboard */,
				6D8413BE220C129B0072769D /* Info.plist */,
			);
			path = IOS_ViewControllers;
			sourceTree = "<group>";
		};
/* End PBXGroup section */

/* Begin PBXNativeTarget section */
		6D8413AE220C129B0072769D /* IOS_ViewControllers */ = {
			isa = PBXNativeTarget;
			buildConfigurationList = 6D8413C1220C129B0072769D /* Build configuration list for PBXNativeTarget "IOS_ViewControllers" */;
			buildPhases = (
				6D8413AB220C129B0072769D /* Sources */,
				6D8413AC220C129B0072769D /* Frameworks */,
				6D8413AD220C129B0072769D /* Resources */,
			);
			buildRules = (
			);
			dependencies = (
			);
			name = IOS_ViewControllers;
			productName = IOS_ViewControllers;
			productReference = 6D8413AF220C129B0072769D /* IOS_ViewControllers.app */;
			productType = "com.apple.product-type.application";
		};
/* End PBXNativeTarget section */

/* Begin PBXProject section */
		6D8413A7220C129B0072769D /* Project object */ = {
			isa = PBXProject;
			attributes = {
				LastSwiftUpdateCheck = 0920;
				LastUpgradeCheck = 0920;
				ORGANIZATIONNAME = hackeru;
				TargetAttributes = {
					6D8413AE220C129B0072769D = {
						CreatedOnToolsVersion = 9.2;
						ProvisioningStyle = Automatic;
					};
				};
			};
			buildConfigurationList = 6D8413AA220C129B0072769D /* Build configuration list for PBXProject "IOS_ViewControllers" */;
			compatibilityVersion = "Xcode 8.0";
			developmentRegion = en;
			hasScannedForEncodings = 0;
			knownRegions = (
				en,
				Base,
			);
			mainGroup = 6D8413A6220C129B0072769D;
			productRefGroup = 6D8413B0220C129B0072769D /* Products */;
			projectDirPath = "";
			projectRoot = "";
			targets = (
				6D8413AE220C129B0072769D /* IOS_ViewControllers */,
			);
		};
/* End PBXProject section */

/* Begin PBXResourcesBuildPhase section */
		6D8413AD220C129B0072769D /* Resources */ = {
			isa = PBXResourcesBuildPhase;
			buildActionMask = 2147483647;
			files = (
				6D8413BD220C129B0072769D /* LaunchScreen.storyboard in Resources */,
				6D8413BA220C129B0072769D /* Assets.xcassets in Resources */,
				6D8413B8220C129B0072769D /* Main.storyboard in Resources */,
			);
			runOnlyForDeploymentPostprocessing = 0;
		};
/* End PBXResourcesBuildPhase section */

/* Begin PBXSourcesBuildPhase section */
		6D8413AB220C129B0072769D /* Sources */ = {
			isa = PBXSourcesBuildPhase;
			buildActionMask = 2147483647;
			files = (
				6D8413C5220C12C20072769D /* SecondViewController.swift in Sources */,
				6D8413B5220C129B0072769D /* ViewController.swift in Sources */,
				6D8413C7220C2EAD0072769D /* ThirdViewController.swift in Sources */,
				6D8413B3220C129B0072769D /* AppDelegate.swift in Sources */,
			);
			runOnlyForDeploymentPostprocessing = 0;
		};
/* End PBXSourcesBuildPhase section */

/* Begin PBXVariantGroup section */
		6D8413B6220C129B0072769D /* Main.storyboard */ = {
			isa = PBXVariantGroup;
			children = (
				6D8413B7220C129B0072769D /* Base */,
			);
			name = Main.storyboard;
			sourceTree = "<group>";
		};
		6D8413BB220C129B0072769D /* LaunchScreen.storyboard */ = {
			isa = PBXVariantGroup;
			children = (
				6D8413BC220C129B0072769D /* Base */,
			);
			name = LaunchScreen.storyboard;
			sourceTree = "<group>";
		};
/* End PBXVariantGroup section */

/* Begin XCBuildConfiguration section */
		6D8413BF220C129B0072769D /* Debug */ = {
			isa = XCBuildConfiguration;
			buildSettings = {
				ALWAYS_SEARCH_USER_PATHS = NO;
				CLANG_ANALYZER_NONNULL = YES;
				CLANG_ANALYZER_NUMBER_OBJECT_CONVERSION = YES_AGGRESSIVE;
				CLANG_CXX_LANGUAGE_STANDARD = "gnu++14";
				CLANG_CXX_LIBRARY = "libc++";
				CLANG_ENABLE_MODULES = YES;
				CLANG_ENABLE_OBJC_ARC = YES;
				CLANG_WARN_BLOCK_CAPTURE_AUTORELEASING = YES;
				CLANG_WARN_BOOL_CONVERSION = YES;
				CLANG_WARN_COMMA = YES;
				CLANG_WARN_CONSTANT_CONVERSION = YES;
				CLANG_WARN_DIRECT_OBJC_ISA_USAGE = YES_ERROR;
				CLANG_WARN_DOCUMENTATION_COMMENTS = YES;
				CLANG_WARN_EMPTY_BODY = YES;
				CLANG_WARN_ENUM_CONVERSION = YES;
				CLANG_WARN_INFINITE_RECURSION = YES;
				CLANG_WARN_INT_CONVERSION = YES;
				CLANG_WARN_NON_LITERAL_NULL_CONVERSION = YES;
				CLANG_WARN_OBJC_LITERAL_CONVERSION = YES;
				CLANG_WARN_OBJC_ROOT_CLASS = YES_ERROR;
				CLANG_WARN_RANGE_LOOP_ANALYSIS = YES;
				CLANG_WARN_STRICT_PROTOTYPES = YES;
				CLANG_WARN_SUSPICIOUS_MOVE = YES;
				CLANG_WARN_UNGUARDED_AVAILABILITY = YES_AGGRESSIVE;
				CLANG_WARN_UNREACHABLE_CODE = YES;
				CLANG_WARN__DUPLICATE_METHOD_MATCH = YES;
				CODE_SIGN_IDENTITY = "iPhone Developer";
				COPY_PHASE_STRIP = NO;
				DEBUG_INFORMATION_FORMAT = dwarf;
				ENABLE_STRICT_OBJC_MSGSEND = YES;
				ENABLE_TESTABILITY = YES;
				GCC_C_LANGUAGE_STANDARD = gnu11;
				GCC_DYNAMIC_NO_PIC = NO;
				GCC_NO_COMMON_BLOCKS = YES;
				GCC_OPTIMIZATION_LEVEL = 0;
				GCC_PREPROCESSOR_DEFINITIONS = (
					"DEBUG=1",
					"$(inherited)",
				);
				GCC_WARN_64_TO_32_BIT_CONVERSION = YES;
				GCC_WARN_ABOUT_RETURN_TYPE = YES_ERROR;
				GCC_WARN_UNDECLARED_SELECTOR = YES;
				GCC_WARN_UNINITIALIZED_AUTOS = YES_AGGRESSIVE;
				GCC_WARN_UNUSED_FUNCTION = YES;
				GCC_WARN_UNUSED_VARIABLE = YES;
				IPHONEOS_DEPLOYMENT_TARGET = 11.2;
				MTL_ENABLE_DEBUG_INFO = YES;
				ONLY_ACTIVE_ARCH = YES;
				SDKROOT = iphoneos;
				SWIFT_ACTIVE_COMPILATION_CONDITIONS = DEBUG;
				SWIFT_OPTIMIZATION_LEVEL = "-Onone";
			};
			name = Debug;
		};
		6D8413C0220C129B0072769D /* Release */ = {
			isa = XCBuildConfiguration;
			buildSettings = {
				ALWAYS_SEARCH_USER_PATHS = NO;
				CLANG_ANALYZER_NONNULL = YES;
				CLANG_ANALYZER_NUMBER_OBJECT_CONVERSION = YES_AGGRESSIVE;
				CLANG_CXX_LANGUAGE_STANDARD = "gnu++14";
				CLANG_CXX_LIBRARY = "libc++";
				CLANG_ENABLE_MODULES = YES;
				CLANG_ENABLE_OBJC_ARC = YES;
				CLANG_WARN_BLOCK_CAPTURE_AUTORELEASING = YES;
				CLANG_WARN_BOOL_CONVERSION = YES;
				CLANG_WARN_COMMA = YES;
				CLANG_WARN_CONSTANT_CONVERSION = YES;
				CLANG_WARN_DIRECT_OBJC_ISA_USAGE = YES_ERROR;
				CLANG_WARN_DOCUMENTATION_COMMENTS = YES;
				CLANG_WARN_EMPTY_BODY = YES;
				CLANG_WARN_ENUM_CONVERSION = YES;
				CLANG_WARN_INFINITE_RECURSION = YES;
				CLANG_WARN_INT_CONVERSION = YES;
				CLANG_WARN_NON_LITERAL_NULL_CONVERSION = YES;
				CLANG_WARN_OBJC_LITERAL_CONVERSION = YES;
				CLANG_WARN_OBJC_ROOT_CLASS = YES_ERROR;
				CLANG_WARN_RANGE_LOOP_ANALYSIS = YES;
				CLANG_WARN_STRICT_PROTOTYPES = YES;
				CLANG_WARN_SUSPICIOUS_MOVE = YES;
				CLANG_WARN_UNGUARDED_AVAILABILITY = YES_AGGRESSIVE;
				CLANG_WARN_UNREACHABLE_CODE = YES;
				CLANG_WARN__DUPLICATE_METHOD_MATCH = YES;
				CODE_SIGN_IDENTITY = "iPhone Developer";
				COPY_PHASE_STRIP = NO;
				DEBUG_INFORMATION_FORMAT = "dwarf-with-dsym";
				ENABLE_NS_ASSERTIONS = NO;
				ENABLE_STRICT_OBJC_MSGSEND = YES;
				GCC_C_LANGUAGE_STANDARD = gnu11;
				GCC_NO_COMMON_BLOCKS = YES;
				GCC_WARN_64_TO_32_BIT_CONVERSION = YES;
				GCC_WARN_ABOUT_RETURN_TYPE = YES_ERROR;
				GCC_WARN_UNDECLARED_SELECTOR = YES;
				GCC_WARN_UNINITIALIZED_AUTOS = YES_AGGRESSIVE;
				GCC_WARN_UNUSED_FUNCTION = YES;
				GCC_WARN_UNUSED_VARIABLE = YES;
				IPHONEOS_DEPLOYMENT_TARGET = 11.2;
				MTL_ENABLE_DEBUG_INFO = NO;
				SDKROOT = iphoneos;
				SWIFT_OPTIMIZATION_LEVEL = "-Owholemodule";
				VALIDATE_PRODUCT = YES;
			};
			name = Release;
		};
		6D8413C2220C129B0072769D /* Debug */ = {
			isa = XCBuildConfiguration;
			buildSettings = {
				ASSETCATALOG_COMPILER_APPICON_NAME = AppIcon;
				CODE_SIGN_STYLE = Automatic;
				INFOPLIST_FILE = IOS_ViewControllers/Info.plist;
				LD_RUNPATH_SEARCH_PATHS = "$(inherited) @executable_path/Frameworks";
				PRODUCT_BUNDLE_IDENTIFIER = "com.hackeru.IOS-ViewControllers";
				PRODUCT_NAME = "$(TARGET_NAME)";
				SWIFT_VERSION = 4.0;
				TARGETED_DEVICE_FAMILY = "1,2";
			};
			name = Debug;
		};
		6D8413C3220C129B0072769D /* Release */ = {
			isa = XCBuildConfiguration;
			buildSettings = {
				ASSETCATALOG_COMPILER_APPICON_NAME = AppIcon;
				CODE_SIGN_STYLE = Automatic;
				INFOPLIST_FILE = IOS_ViewControllers/Info.plist;
				LD_RUNPATH_SEARCH_PATHS = "$(inherited) @executable_path/Frameworks";
				PRODUCT_BUNDLE_IDENTIFIER = "com.hackeru.IOS-ViewControllers";
				PRODUCT_NAME = "$(TARGET_NAME)";
				SWIFT_VERSION = 4.0;
				TARGETED_DEVICE_FAMILY = "1,2";
			};
			name = Release;
		};
/* End XCBuildConfiguration section */

/* Begin XCConfigurationList section */
		6D8413AA220C129B0072769D /* Build configuration list for PBXProject "IOS_ViewControllers" */ = {
			isa = XCConfigurationList;
			buildConfigurations = (
				6D8413BF220C129B0072769D /* Debug */,
				6D8413C0220C129B0072769D /* Release */,
			);
			defaultConfigurationIsVisible = 0;
			defaultConfigurationName = Release;
		};
		6D8413C1220C129B0072769D /* Build configuration list for PBXNativeTarget "IOS_ViewControllers" */ = {
			isa = XCConfigurationList;
			buildConfigurations = (
				6D8413C2220C129B0072769D /* Debug */,
				6D8413C3220C129B0072769D /* Release */,
			);
			defaultConfigurationIsVisible = 0;
			defaultConfigurationName = Release;
		};
/* End XCConfigurationList section */
	};
	rootObject = 6D8413A7220C129B0072769D /* Project object */;
}
