// !$*UTF8*$!
{
	archiveVersion = 1;
	classes = {
	};
	objectVersion = 48;
	objects = {

/* Begin PBXBuildFile section */
		6DA73FDF22158FE5003DF146 /* AppDelegate.swift in Sources */ = {isa = PBXBuildFile; fileRef = 6DA73FDE22158FE5003DF146 /* AppDelegate.swift */; };
		6DA73FE122158FE5003DF146 /* ViewController.swift in Sources */ = {isa = PBXBuildFile; fileRef = 6DA73FE022158FE5003DF146 /* ViewController.swift */; };
		6DA73FE422158FE5003DF146 /* Main.storyboard in Resources */ = {isa = PBXBuildFile; fileRef = 6DA73FE222158FE5003DF146 /* Main.storyboard */; };
		6DA73FE622158FE5003DF146 /* Assets.xcassets in Resources */ = {isa = PBXBuildFile; fileRef = 6DA73FE522158FE5003DF146 /* Assets.xcassets */; };
		6DA73FE922158FE5003DF146 /* LaunchScreen.storyboard in Resources */ = {isa = PBXBuildFile; fileRef = 6DA73FE722158FE5003DF146 /* LaunchScreen.storyboard */; };
		6DA73FF322159270003DF146 /* lion.png in Resources */ = {isa = PBXBuildFile; fileRef = 6DA73FF222159270003DF146 /* lion.png */; };
/* End PBXBuildFile section */

/* Begin PBXFileReference section */
		6DA73FDB22158FE5003DF146 /* IOS_UIScrollView.app */ = {isa = PBXFileReference; explicitFileType = wrapper.application; includeInIndex = 0; path = IOS_UIScrollView.app; sourceTree = BUILT_PRODUCTS_DIR; };
		6DA73FDE22158FE5003DF146 /* AppDelegate.swift */ = {isa = PBXFileReference; lastKnownFileType = sourcecode.swift; path = AppDelegate.swift; sourceTree = "<group>"; };
		6DA73FE022158FE5003DF146 /* ViewController.swift */ = {isa = PBXFileReference; lastKnownFileType = sourcecode.swift; path = ViewController.swift; sourceTree = "<group>"; };
		6DA73FE322158FE5003DF146 /* Base */ = {isa = PBXFileReference; lastKnownFileType = file.storyboard; name = Base; path = Base.lproj/Main.storyboard; sourceTree = "<group>"; };
		6DA73FE522158FE5003DF146 /* Assets.xcassets */ = {isa = PBXFileReference; lastKnownFileType = folder.assetcatalog; path = Assets.xcassets; sourceTree = "<group>"; };
		6DA73FE822158FE5003DF146 /* Base */ = {isa = PBXFileReference; lastKnownFileType = file.storyboard; name = Base; path = Base.lproj/LaunchScreen.storyboard; sourceTree = "<group>"; };
		6DA73FEA22158FE5003DF146 /* Info.plist */ = {isa = PBXFileReference; lastKnownFileType = text.plist.xml; path = Info.plist; sourceTree = "<group>"; };
		6DA73FF222159270003DF146 /* lion.png */ = {isa = PBXFileReference; lastKnownFileType = image.png; path = lion.png; sourceTree = "<group>"; };
/* End PBXFileReference section */

/* Begin PBXFrameworksBuildPhase section */
		6DA73FD822158FE5003DF146 /* Frameworks */ = {
			isa = PBXFrameworksBuildPhase;
			buildActionMask = 2147483647;
			files = (
			);
			runOnlyForDeploymentPostprocessing = 0;
		};
/* End PBXFrameworksBuildPhase section */

/* Begin PBXGroup section */
		6DA73FD222158FE5003DF146 = {
			isa = PBXGroup;
			children = (
				6DA73FDD22158FE5003DF146 /* IOS_UIScrollView */,
				6DA73FDC22158FE5003DF146 /* Products */,
			);
			sourceTree = "<group>";
		};
		6DA73FDC22158FE5003DF146 /* Products */ = {
			isa = PBXGroup;
			children = (
				6DA73FDB22158FE5003DF146 /* IOS_UIScrollView.app */,
			);
			name = Products;
			sourceTree = "<group>";
		};
		6DA73FDD22158FE5003DF146 /* IOS_UIScrollView */ = {
			isa = PBXGroup;
			children = (
				6DA73FF222159270003DF146 /* lion.png */,
				6DA73FDE22158FE5003DF146 /* AppDelegate.swift */,
				6DA73FE022158FE5003DF146 /* ViewController.swift */,
				6DA73FE222158FE5003DF146 /* Main.storyboard */,
				6DA73FE522158FE5003DF146 /* Assets.xcassets */,
				6DA73FE722158FE5003DF146 /* LaunchScreen.storyboard */,
				6DA73FEA22158FE5003DF146 /* Info.plist */,
			);
			path = IOS_UIScrollView;
			sourceTree = "<group>";
		};
/* End PBXGroup section */

/* Begin PBXNativeTarget section */
		6DA73FDA22158FE5003DF146 /* IOS_UIScrollView */ = {
			isa = PBXNativeTarget;
			buildConfigurationList = 6DA73FED22158FE5003DF146 /* Build configuration list for PBXNativeTarget "IOS_UIScrollView" */;
			buildPhases = (
				6DA73FD722158FE5003DF146 /* Sources */,
				6DA73FD822158FE5003DF146 /* Frameworks */,
				6DA73FD922158FE5003DF146 /* Resources */,
			);
			buildRules = (
			);
			dependencies = (
			);
			name = IOS_UIScrollView;
			productName = IOS_UIScrollView;
			productReference = 6DA73FDB22158FE5003DF146 /* IOS_UIScrollView.app */;
			productType = "com.apple.product-type.application";
		};
/* End PBXNativeTarget section */

/* Begin PBXProject section */
		6DA73FD322158FE5003DF146 /* Project object */ = {
			isa = PBXProject;
			attributes = {
				LastSwiftUpdateCheck = 0920;
				LastUpgradeCheck = 0920;
				ORGANIZATIONNAME = hackeru;
				TargetAttributes = {
					6DA73FDA22158FE5003DF146 = {
						CreatedOnToolsVersion = 9.2;
						ProvisioningStyle = Automatic;
					};
				};
			};
			buildConfigurationList = 6DA73FD622158FE5003DF146 /* Build configuration list for PBXProject "IOS_UIScrollView" */;
			compatibilityVersion = "Xcode 8.0";
			developmentRegion = en;
			hasScannedForEncodings = 0;
			knownRegions = (
				en,
				Base,
			);
			mainGroup = 6DA73FD222158FE5003DF146;
			productRefGroup = 6DA73FDC22158FE5003DF146 /* Products */;
			projectDirPath = "";
			projectRoot = "";
			targets = (
				6DA73FDA22158FE5003DF146 /* IOS_UIScrollView */,
			);
		};
/* End PBXProject section */

/* Begin PBXResourcesBuildPhase section */
		6DA73FD922158FE5003DF146 /* Resources */ = {
			isa = PBXResourcesBuildPhase;
			buildActionMask = 2147483647;
			files = (
				6DA73FE922158FE5003DF146 /* LaunchScreen.storyboard in Resources */,
				6DA73FF322159270003DF146 /* lion.png in Resources */,
				6DA73FE622158FE5003DF146 /* Assets.xcassets in Resources */,
				6DA73FE422158FE5003DF146 /* Main.storyboard in Resources */,
			);
			runOnlyForDeploymentPostprocessing = 0;
		};
/* End PBXResourcesBuildPhase section */

/* Begin PBXSourcesBuildPhase section */
		6DA73FD722158FE5003DF146 /* Sources */ = {
			isa = PBXSourcesBuildPhase;
			buildActionMask = 2147483647;
			files = (
				6DA73FE122158FE5003DF146 /* ViewController.swift in Sources */,
				6DA73FDF22158FE5003DF146 /* AppDelegate.swift in Sources */,
			);
			runOnlyForDeploymentPostprocessing = 0;
		};
/* End PBXSourcesBuildPhase section */

/* Begin PBXVariantGroup section */
		6DA73FE222158FE5003DF146 /* Main.storyboard */ = {
			isa = PBXVariantGroup;
			children = (
				6DA73FE322158FE5003DF146 /* Base */,
			);
			name = Main.storyboard;
			sourceTree = "<group>";
		};
		6DA73FE722158FE5003DF146 /* LaunchScreen.storyboard */ = {
			isa = PBXVariantGroup;
			children = (
				6DA73FE822158FE5003DF146 /* Base */,
			);
			name = LaunchScreen.storyboard;
			sourceTree = "<group>";
		};
/* End PBXVariantGroup section */

/* Begin XCBuildConfiguration section */
		6DA73FEB22158FE5003DF146 /* Debug */ = {
			isa = XCBuildConfiguration;
			buildSettings = {
				ALWAYS_SEARCH_USER_PATHS = NO;
				CLANG_ANALYZER_NONNULL = YES;
				CLANG_ANALYZER_NUMBER_OBJECT_CONVERSION = YES_AGGRESSIVE;
				CLANG_CXX_LANGUAGE_STANDARD = "gnu++14";
				CLANG_CXX_LIBRARY = "libc++";
				CLANG_ENABLE_MODULES = YES;
				CLANG_ENABLE_OBJC_ARC = YES;
				CLANG_WARN_BLOCK_CAPTURE_AUTORELEASING = YES;
				CLANG_WARN_BOOL_CONVERSION = YES;
				CLANG_WARN_COMMA = YES;
				CLANG_WARN_CONSTANT_CONVERSION = YES;
				CLANG_WARN_DIRECT_OBJC_ISA_USAGE = YES_ERROR;
				CLANG_WARN_DOCUMENTATION_COMMENTS = YES;
				CLANG_WARN_EMPTY_BODY = YES;
				CLANG_WARN_ENUM_CONVERSION = YES;
				CLANG_WARN_INFINITE_RECURSION = YES;
				CLANG_WARN_INT_CONVERSION = YES;
				CLANG_WARN_NON_LITERAL_NULL_CONVERSION = YES;
				CLANG_WARN_OBJC_LITERAL_CONVERSION = YES;
				CLANG_WARN_OBJC_ROOT_CLASS = YES_ERROR;
				CLANG_WARN_RANGE_LOOP_ANALYSIS = YES;
				CLANG_WARN_STRICT_PROTOTYPES = YES;
				CLANG_WARN_SUSPICIOUS_MOVE = YES;
				CLANG_WARN_UNGUARDED_AVAILABILITY = YES_AGGRESSIVE;
				CLANG_WARN_UNREACHABLE_CODE = YES;
				CLANG_WARN__DUPLICATE_METHOD_MATCH = YES;
				CODE_SIGN_IDENTITY = "iPhone Developer";
				COPY_PHASE_STRIP = NO;
				DEBUG_INFORMATION_FORMAT = dwarf;
				ENABLE_STRICT_OBJC_MSGSEND = YES;
				ENABLE_TESTABILITY = YES;
				GCC_C_LANGUAGE_STANDARD = gnu11;
				GCC_DYNAMIC_NO_PIC = NO;
				GCC_NO_COMMON_BLOCKS = YES;
				GCC_OPTIMIZATION_LEVEL = 0;
				GCC_PREPROCESSOR_DEFINITIONS = (
					"DEBUG=1",
					"$(inherited)",
				);
				GCC_WARN_64_TO_32_BIT_CONVERSION = YES;
				GCC_WARN_ABOUT_RETURN_TYPE = YES_ERROR;
				GCC_WARN_UNDECLARED_SELECTOR = YES;
				GCC_WARN_UNINITIALIZED_AUTOS = YES_AGGRESSIVE;
				GCC_WARN_UNUSED_FUNCTION = YES;
				GCC_WARN_UNUSED_VARIABLE = YES;
				IPHONEOS_DEPLOYMENT_TARGET = 11.2;
				MTL_ENABLE_DEBUG_INFO = YES;
				ONLY_ACTIVE_ARCH = YES;
				SDKROOT = iphoneos;
				SWIFT_ACTIVE_COMPILATION_CONDITIONS = DEBUG;
				SWIFT_OPTIMIZATION_LEVEL = "-Onone";
			};
			name = Debug;
		};
		6DA73FEC22158FE5003DF146 /* Release */ = {
			isa = XCBuildConfiguration;
			buildSettings = {
				ALWAYS_SEARCH_USER_PATHS = NO;
				CLANG_ANALYZER_NONNULL = YES;
				CLANG_ANALYZER_NUMBER_OBJECT_CONVERSION = YES_AGGRESSIVE;
				CLANG_CXX_LANGUAGE_STANDARD = "gnu++14";
				CLANG_CXX_LIBRARY = "libc++";
				CLANG_ENABLE_MODULES = YES;
				CLANG_ENABLE_OBJC_ARC = YES;
				CLANG_WARN_BLOCK_CAPTURE_AUTORELEASING = YES;
				CLANG_WARN_BOOL_CONVERSION = YES;
				CLANG_WARN_COMMA = YES;
				CLANG_WARN_CONSTANT_CONVERSION = YES;
				CLANG_WARN_DIRECT_OBJC_ISA_USAGE = YES_ERROR;
				CLANG_WARN_DOCUMENTATION_COMMENTS = YES;
				CLANG_WARN_EMPTY_BODY = YES;
				CLANG_WARN_ENUM_CONVERSION = YES;
				CLANG_WARN_INFINITE_RECURSION = YES;
				CLANG_WARN_INT_CONVERSION = YES;
				CLANG_WARN_NON_LITERAL_NULL_CONVERSION = YES;
				CLANG_WARN_OBJC_LITERAL_CONVERSION = YES;
				CLANG_WARN_OBJC_ROOT_CLASS = YES_ERROR;
				CLANG_WARN_RANGE_LOOP_ANALYSIS = YES;
				CLANG_WARN_STRICT_PROTOTYPES = YES;
				CLANG_WARN_SUSPICIOUS_MOVE = YES;
				CLANG_WARN_UNGUARDED_AVAILABILITY = YES_AGGRESSIVE;
				CLANG_WARN_UNREACHABLE_CODE = YES;
				CLANG_WARN__DUPLICATE_METHOD_MATCH = YES;
				CODE_SIGN_IDENTITY = "iPhone Developer";
				COPY_PHASE_STRIP = NO;
				DEBUG_INFORMATION_FORMAT = "dwarf-with-dsym";
				ENABLE_NS_ASSERTIONS = NO;
				ENABLE_STRICT_OBJC_MSGSEND = YES;
				GCC_C_LANGUAGE_STANDARD = gnu11;
				GCC_NO_COMMON_BLOCKS = YES;
				GCC_WARN_64_TO_32_BIT_CONVERSION = YES;
				GCC_WARN_ABOUT_RETURN_TYPE = YES_ERROR;
				GCC_WARN_UNDECLARED_SELECTOR = YES;
				GCC_WARN_UNINITIALIZED_AUTOS = YES_AGGRESSIVE;
				GCC_WARN_UNUSED_FUNCTION = YES;
				GCC_WARN_UNUSED_VARIABLE = YES;
				IPHONEOS_DEPLOYMENT_TARGET = 11.2;
				MTL_ENABLE_DEBUG_INFO = NO;
				SDKROOT = iphoneos;
				SWIFT_OPTIMIZATION_LEVEL = "-Owholemodule";
				VALIDATE_PRODUCT = YES;
			};
			name = Release;
		};
		6DA73FEE22158FE5003DF146 /* Debug */ = {
			isa = XCBuildConfiguration;
			buildSettings = {
				ASSETCATALOG_COMPILER_APPICON_NAME = AppIcon;
				CODE_SIGN_STYLE = Automatic;
				INFOPLIST_FILE = IOS_UIScrollView/Info.plist;
				LD_RUNPATH_SEARCH_PATHS = "$(inherited) @executable_path/Frameworks";
				PRODUCT_BUNDLE_IDENTIFIER = "com.hackeru.IOS-UIScrollView";
				PRODUCT_NAME = "$(TARGET_NAME)";
				SWIFT_VERSION = 4.0;
				TARGETED_DEVICE_FAMILY = "1,2";
			};
			name = Debug;
		};
		6DA73FEF22158FE5003DF146 /* Release */ = {
			isa = XCBuildConfiguration;
			buildSettings = {
				ASSETCATALOG_COMPILER_APPICON_NAME = AppIcon;
				CODE_SIGN_STYLE = Automatic;
				INFOPLIST_FILE = IOS_UIScrollView/Info.plist;
				LD_RUNPATH_SEARCH_PATHS = "$(inherited) @executable_path/Frameworks";
				PRODUCT_BUNDLE_IDENTIFIER = "com.hackeru.IOS-UIScrollView";
				PRODUCT_NAME = "$(TARGET_NAME)";
				SWIFT_VERSION = 4.0;
				TARGETED_DEVICE_FAMILY = "1,2";
			};
			name = Release;
		};
/* End XCBuildConfiguration section */

/* Begin XCConfigurationList section */
		6DA73FD622158FE5003DF146 /* Build configuration list for PBXProject "IOS_UIScrollView" */ = {
			isa = XCConfigurationList;
			buildConfigurations = (
				6DA73FEB22158FE5003DF146 /* Debug */,
				6DA73FEC22158FE5003DF146 /* Release */,
			);
			defaultConfigurationIsVisible = 0;
			defaultConfigurationName = Release;
		};
		6DA73FED22158FE5003DF146 /* Build configuration list for PBXNativeTarget "IOS_UIScrollView" */ = {
			isa = XCConfigurationList;
			buildConfigurations = (
				6DA73FEE22158FE5003DF146 /* Debug */,
				6DA73FEF22158FE5003DF146 /* Release */,
			);
			defaultConfigurationIsVisible = 0;
			defaultConfigurationName = Release;
		};
/* End XCConfigurationList section */
	};
	rootObject = 6DA73FD322158FE5003DF146 /* Project object */;
}
